
Microsoft Visual Studio Solution File, Format Version 12.00
# Visual Studio Version 17
VisualStudioVersion = 17.1.32210.238
MinimumVisualStudioVersion = 10.0.40219.1
Project("{FAE04EC0-301F-11D3-BF4B-00C04F79EFBC}") = "dbgroup", "dbgroup.csproj", "{DC78A596-B05F-4226-AA14-42F9212EBF2B}"
EndProject
Global
	GlobalSection(SolutionConfigurationPlatforms) = preSolution
		Debug|Any CPU = Debug|Any CPU
		Release|Any CPU = Release|Any CPU
	EndGlobalSection
	GlobalSection(ProjectConfigurationPlatforms) = postSolution
		{DC78A596-B05F-4226-AA14-42F9212EBF2B}.Debug|Any CPU.ActiveCfg = Debug|Any CPU
		{DC78A596-B05F-4226-AA14-42F9212EBF2B}.Debug|Any CPU.Build.0 = Debug|Any CPU
		{DC78A596-B05F-4226-AA14-42F9212EBF2B}.Release|Any CPU.ActiveCfg = Release|Any CPU
		{DC78A596-B05F-4226-AA14-42F9212EBF2B}.Release|Any CPU.Build.0 = Release|Any CPU
	EndGlobalSection
	GlobalSection(SolutionProperties) = preSolution
		HideSolutionNode = FALSE
	EndGlobalSection
	GlobalSection(ExtensibilityGlobals) = postSolution
		SolutionGuid = {3BD0B0AE-EAAB-40DA-A4B4-6D2AF5E50059}
	EndGlobalSection
EndGlobal
